{
    "_readme": [
        "This file locks the dependencies of your project to a known state",
        "Read more about it at https://getcomposer.org/doc/01-basic-usage.md#composer-lock-the-lock-file",
        "This file is @generated automatically"
    ],
    "content-hash": "088834dfc8e840acbf31ce7cd60afc5e",
    "packages": [
        {
            "name": "marcelog/pami",
            "version": "v2.0.1",
            "source": {
                "type": "git",
                "url": "https://github.com/marcelog/PAMI.git",
                "reference": "61e58601c08731f754d21f5077000e034492f587"
            },
            "dist": {
                "type": "zip",
                "url": "https://api.github.com/repos/marcelog/PAMI/zipball/61e58601c08731f754d21f5077000e034492f587",
                "reference": "61e58601c08731f754d21f5077000e034492f587",
                "shasum": ""
            },
            "require": {
                "php": ">=5.3.3",
                "psr/log": ">= 1.0.0"
            },
            "require-dev": {
                "codeclimate/php-test-reporter": "dev-master",
                "evert/phpdoc-md": "~0.1.1",
                "marcelog/pagi": "2.*",
                "monolog/monolog": "1.*",
                "phing/phing": "2.*",
                "phpdocumentor/phpdocumentor": "2.*",
                "phpmd/phpmd": "2.*",
                "phpunit/phpunit": "4.*",
                "satooshi/php-coveralls": "1.0.1",
                "sebastian/phpcpd": "*",
                "squizlabs/php_codesniffer": "2.*"
            },
            "type": "library",
            "autoload": {
                "psr-4": {
                    "PAMI\\": "src/PAMI"
                }
            },
            "notification-url": "https://packagist.org/downloads/",
            "license": [
                "Apache2"
            ],
            "authors": [
                {
                    "name": "Marcelo Gornstein",
                    "email": "marcelog@gmail.com",
                    "homepage": "http://marcelog.github.com/",
                    "role": "Developer"
                }
            ],
            "description": "Asterisk Manager Interface (AMI) client for PHP, event driven, object oriented",
            "homepage": "http://marcelog.github.com/PAMI",
            "keywords": [
                "action",
                "ami",
                "asterisk",
                "client",
                "event",
                "manager",
                "monitor",
                "telephony",
                "voip"
            ],
            "time": "2016-11-09T23:38:05+00:00"
        },
        {
            "name": "psr/log",
            "version": "1.0.2",
            "source": {
                "type": "git",
                "url": "https://github.com/php-fig/log.git",
                "reference": "4ebe3a8bf773a19edfe0a84b6585ba3d401b724d"
            },
            "dist": {
                "type": "zip",
                "url": "https://api.github.com/repos/php-fig/log/zipball/4ebe3a8bf773a19edfe0a84b6585ba3d401b724d",
                "reference": "4ebe3a8bf773a19edfe0a84b6585ba3d401b724d",
                "shasum": ""
            },
            "require": {
                "php": ">=5.3.0"
            },
            "type": "library",
            "extra": {
                "branch-alias": {
                    "dev-master": "1.0.x-dev"
                }
            },
            "autoload": {
                "psr-4": {
                    "Psr\\Log\\": "Psr/Log/"
                }
            },
            "notification-url": "https://packagist.org/downloads/",
            "license": [
                "MIT"
            ],
            "authors": [
                {
                    "name": "PHP-FIG",
                    "homepage": "http://www.php-fig.org/"
                }
            ],
            "description": "Common interface for logging libraries",
            "homepage": "https://github.com/php-fig/log",
            "keywords": [
                "log",
                "psr",
                "psr-3"
            ],
            "time": "2016-10-10T12:19:37+00:00"
        }
    ],
    "packages-dev": [],
    "aliases": [],
    "minimum-stability": "stable",
    "stability-flags": [],
    "prefer-stable": false,
    "prefer-lowest": false,
    "platform": [],
    "platform-dev": []
}
